
Microsoft Visual Studio Solution File, Format Version 12.00
# Visual Studio Version 16
VisualStudioVersion = 16.0.29215.179
MinimumVisualStudioVersion = 10.0.40219.1
Project("{FAE04EC0-301F-11D3-BF4B-00C04F79EFBC}") = "TesteString", "TesteString\TesteString.csproj", "{FCA7EB77-6E25-484F-925D-C505B0EEB2EB}"
EndProject
Global
	GlobalSection(SolutionConfigurationPlatforms) = preSolution
		Debug|Any CPU = Debug|Any CPU
		Release|Any CPU = Release|Any CPU
	EndGlobalSection
	GlobalSection(ProjectConfigurationPlatforms) = postSolution
		{FCA7EB77-6E25-484F-925D-C505B0EEB2EB}.Debug|Any CPU.ActiveCfg = Debug|Any CPU
		{FCA7EB77-6E25-484F-925D-C505B0EEB2EB}.Debug|Any CPU.Build.0 = Debug|Any CPU
		{FCA7EB77-6E25-484F-925D-C505B0EEB2EB}.Release|Any CPU.ActiveCfg = Release|Any CPU
		{FCA7EB77-6E25-484F-925D-C505B0EEB2EB}.Release|Any CPU.Build.0 = Release|Any CPU
	EndGlobalSection
	GlobalSection(SolutionProperties) = preSolution
		HideSolutionNode = FALSE
	EndGlobalSection
	GlobalSection(ExtensibilityGlobals) = postSolution
		SolutionGuid = {4F21959E-54AE-4E86-9585-6FF4BA6BBFA9}
	EndGlobalSection
EndGlobal
